
Microsoft Visual Studio Solution File, Format Version 12.00
# Visual Studio Version 17
VisualStudioVersion = 17.7.34018.315
MinimumVisualStudioVersion = 10.0.40219.1
Project("{FAE04EC0-301F-11D3-BF4B-00C04F79EFBC}") = "Inlämningsuppgifter4._4", "Inlämningsuppgifter4._4.csproj", "{560F0945-603C-475C-9035-26848C9C48D9}"
EndProject
Global
	GlobalSection(SolutionConfigurationPlatforms) = preSolution
		Debug|Any CPU = Debug|Any CPU
		Release|Any CPU = Release|Any CPU
	EndGlobalSection
	GlobalSection(ProjectConfigurationPlatforms) = postSolution
		{560F0945-603C-475C-9035-26848C9C48D9}.Debug|Any CPU.ActiveCfg = Debug|Any CPU
		{560F0945-603C-475C-9035-26848C9C48D9}.Debug|Any CPU.Build.0 = Debug|Any CPU
		{560F0945-603C-475C-9035-26848C9C48D9}.Release|Any CPU.ActiveCfg = Release|Any CPU
		{560F0945-603C-475C-9035-26848C9C48D9}.Release|Any CPU.Build.0 = Release|Any CPU
	EndGlobalSection
	GlobalSection(SolutionProperties) = preSolution
		HideSolutionNode = FALSE
	EndGlobalSection
	GlobalSection(ExtensibilityGlobals) = postSolution
		SolutionGuid = {45652473-124F-4716-8815-8DE01682D1CD}
	EndGlobalSection
EndGlobal
